
Microsoft Visual Studio Solution File, Format Version 12.00
# Visual Studio Version 16
VisualStudioVersion = 16.0.30011.22
MinimumVisualStudioVersion = 10.0.40219.1
Project("{9A19103F-16F7-4668-BE54-9A1E7A4F7556}") = "VoicesDomain", "VoicesDomain\VoicesDomain.csproj", "{9E4E1C6C-ECF2-4F34-B605-D17D03B22B2E}"
EndProject
Project("{9A19103F-16F7-4668-BE54-9A1E7A4F7556}") = "VoicesDataAccess", "VoicesDataAccess\VoicesDataAccess.csproj", "{562423F0-AFB8-4034-B8B1-AF7E15102FD4}"
EndProject
Project("{9A19103F-16F7-4668-BE54-9A1E7A4F7556}") = "VoicesTest", "VoicesTest\VoicesTest.csproj", "{CCE7FA68-5985-4F02-83AA-ABDDA0834966}"
EndProject
Project("{9A19103F-16F7-4668-BE54-9A1E7A4F7556}") = "VoicesWebUI", "VoicesWebApp\VoicesWebUI.csproj", "{62D994D6-AD94-4322-A010-1EA95A655553}"
EndProject
Global
	GlobalSection(SolutionConfigurationPlatforms) = preSolution
		Debug|Any CPU = Debug|Any CPU
		Release|Any CPU = Release|Any CPU
	EndGlobalSection
	GlobalSection(ProjectConfigurationPlatforms) = postSolution
		{9E4E1C6C-ECF2-4F34-B605-D17D03B22B2E}.Debug|Any CPU.ActiveCfg = Debug|Any CPU
		{9E4E1C6C-ECF2-4F34-B605-D17D03B22B2E}.Debug|Any CPU.Build.0 = Debug|Any CPU
		{9E4E1C6C-ECF2-4F34-B605-D17D03B22B2E}.Release|Any CPU.ActiveCfg = Release|Any CPU
		{9E4E1C6C-ECF2-4F34-B605-D17D03B22B2E}.Release|Any CPU.Build.0 = Release|Any CPU
		{562423F0-AFB8-4034-B8B1-AF7E15102FD4}.Debug|Any CPU.ActiveCfg = Debug|Any CPU
		{562423F0-AFB8-4034-B8B1-AF7E15102FD4}.Debug|Any CPU.Build.0 = Debug|Any CPU
		{562423F0-AFB8-4034-B8B1-AF7E15102FD4}.Release|Any CPU.ActiveCfg = Release|Any CPU
		{562423F0-AFB8-4034-B8B1-AF7E15102FD4}.Release|Any CPU.Build.0 = Release|Any CPU
		{CCE7FA68-5985-4F02-83AA-ABDDA0834966}.Debug|Any CPU.ActiveCfg = Debug|Any CPU
		{CCE7FA68-5985-4F02-83AA-ABDDA0834966}.Debug|Any CPU.Build.0 = Debug|Any CPU
		{CCE7FA68-5985-4F02-83AA-ABDDA0834966}.Release|Any CPU.ActiveCfg = Release|Any CPU
		{CCE7FA68-5985-4F02-83AA-ABDDA0834966}.Release|Any CPU.Build.0 = Release|Any CPU
		{62D994D6-AD94-4322-A010-1EA95A655553}.Debug|Any CPU.ActiveCfg = Debug|Any CPU
		{62D994D6-AD94-4322-A010-1EA95A655553}.Debug|Any CPU.Build.0 = Debug|Any CPU
		{62D994D6-AD94-4322-A010-1EA95A655553}.Release|Any CPU.ActiveCfg = Release|Any CPU
		{62D994D6-AD94-4322-A010-1EA95A655553}.Release|Any CPU.Build.0 = Release|Any CPU
	EndGlobalSection
	GlobalSection(SolutionProperties) = preSolution
		HideSolutionNode = FALSE
	EndGlobalSection
	GlobalSection(ExtensibilityGlobals) = postSolution
		SolutionGuid = {D50B39B9-6043-45E7-B161-C741180AAAEC}
	EndGlobalSection
EndGlobal
